<?xml version="1.0" encoding="utf-8"?>
<Project ToolsVersion="4.0" xmlns="http://schemas.microsoft.com/developer/msbuild/2003">
  <ItemGroup>
    <Filter Include="Components">
      <UniqueIdentifier>{dc4ae021-baff-4464-945f-033da72173ef}</UniqueIdentifier>
    </Filter>
    <Filter Include="Others">
      <UniqueIdentifier>{bf8da570-90f5-4335-9a7f-f49befbdf8b9}</UniqueIdentifier>
    </Filter>
    <Filter Include="AI Training">
      <UniqueIdentifier>{1955a23c-0499-41af-9760-5ad41bc953bb}</UniqueIdentifier>
    </Filter>
  </ItemGroup>
  <ItemGroup>
    <ClCompile Include="NumberSquare.cpp">
      <Filter>Components</Filter>
    </ClCompile>
    <ClCompile Include="2048AI.cpp">
      <Filter>Others</Filter>
    </ClCompile>
    <ClCompile Include="Factory.cpp">
      <Filter>Others</Filter>
    </ClCompile>
    <ClCompile Include="GameCommands.cpp">
      <Filter>Others</Filter>
    </ClCompile>
    <ClCompile Include="GameLogic.cpp">
      <Filter>Components</Filter>
    </ClCompile>
    <ClCompile Include="ScoreDisplay.cpp">
      <Filter>Components</Filter>
    </ClCompile>
    <ClCompile Include="PlayerAI.cpp">
      <Filter>Components</Filter>
    </ClCompile>
    <ClCompile Include="LinearQNet.cpp">
      <Filter>AI Training</Filter>
    </ClCompile>
    <ClCompile Include="QLearningTrainer.cpp">
      <Filter>AI Training</Filter>
    </ClCompile>
  </ItemGroup>
  <ItemGroup>
    <ClInclude Include="NumberSquare.h">
      <Filter>Components</Filter>
    </ClInclude>
    <ClInclude Include="GameCommands.h">
      <Filter>Others</Filter>
    </ClInclude>
    <ClInclude Include="Factory.h">
      <Filter>Others</Filter>
    </ClInclude>
    <ClInclude Include="GameLogic.h">
      <Filter>Components</Filter>
    </ClInclude>
    <ClInclude Include="ScoreDisplay.h">
      <Filter>Components</Filter>
    </ClInclude>
    <ClInclude Include="PlayerAI.h">
      <Filter>Components</Filter>
    </ClInclude>
    <ClInclude Include="LinearQNet.h">
      <Filter>AI Training</Filter>
    </ClInclude>
    <ClInclude Include="QLearningTrainer.h">
      <Filter>AI Training</Filter>
    </ClInclude>
  </ItemGroup>
</Project>